
Microsoft Visual Studio Solution File, Format Version 12.00
# Visual Studio Version 16
VisualStudioVersion = 16.0.29709.97
MinimumVisualStudioVersion = 10.0.40219.1
Project("{FAE04EC0-301F-11D3-BF4B-00C04F79EFBC}") = "CookBook", "CookBook.csproj", "{9F3EEF2A-0ADE-4F40-A718-88000D038A80}"
EndProject
Global
	GlobalSection(SolutionConfigurationPlatforms) = preSolution
		Debug|Any CPU = Debug|Any CPU
		Release|Any CPU = Release|Any CPU
	EndGlobalSection
	GlobalSection(ProjectConfigurationPlatforms) = postSolution
		{9F3EEF2A-0ADE-4F40-A718-88000D038A80}.Debug|Any CPU.ActiveCfg = Debug|Any CPU
		{9F3EEF2A-0ADE-4F40-A718-88000D038A80}.Debug|Any CPU.Build.0 = Debug|Any CPU
		{9F3EEF2A-0ADE-4F40-A718-88000D038A80}.Release|Any CPU.ActiveCfg = Release|Any CPU
		{9F3EEF2A-0ADE-4F40-A718-88000D038A80}.Release|Any CPU.Build.0 = Release|Any CPU
	EndGlobalSection
	GlobalSection(SolutionProperties) = preSolution
		HideSolutionNode = FALSE
	EndGlobalSection
	GlobalSection(ExtensibilityGlobals) = postSolution
		SolutionGuid = {0E0EC522-6971-4759-8364-9DF6E21B5355}
	EndGlobalSection
EndGlobal
